// !$*UTF8*$!
{
	archiveVersion = 1;
	classes = {
	};
	objectVersion = 77;
	objects = {

/* Begin PBXContainerItemProxy section */
		63A552CF2DB231300052734D /* PBXContainerItemProxy */ = {
			isa = PBXContainerItemProxy;
			containerPortal = 63A552B52DB2312E0052734D /* Project object */;
			proxyType = 1;
			remoteGlobalIDString = 63A552BC2DB2312E0052734D;
			remoteInfo = ScriptClip;
		};
		63A552D92DB231300052734D /* PBXContainerItemProxy */ = {
			isa = PBXContainerItemProxy;
			containerPortal = 63A552B52DB2312E0052734D /* Project object */;
			proxyType = 1;
			remoteGlobalIDString = 63A552BC2DB2312E0052734D;
			remoteInfo = ScriptClip;
		};
/* End PBXContainerItemProxy section */

/* Begin PBXFileReference section */
		63A552BD2DB2312E0052734D /* ScriptClip.app */ = {isa = PBXFileReference; explicitFileType = wrapper.application; includeInIndex = 0; path = ScriptClip.app; sourceTree = BUILT_PRODUCTS_DIR; };
		63A552CE2DB231300052734D /* ScriptClipTests.xctest */ = {isa = PBXFileReference; explicitFileType = wrapper.cfbundle; includeInIndex = 0; path = ScriptClipTests.xctest; sourceTree = BUILT_PRODUCTS_DIR; };
		63A552D82DB231300052734D /* ScriptClipUITests.xctest */ = {isa = PBXFileReference; explicitFileType = wrapper.cfbundle; includeInIndex = 0; path = ScriptClipUITests.xctest; sourceTree = BUILT_PRODUCTS_DIR; };
/* End PBXFileReference section */

/* Begin PBXFileSystemSynchronizedRootGroup section */
		63A552BF2DB2312E0052734D /* ScriptClip */ = {
			isa = PBXFileSystemSynchronizedRootGroup;
			path = ScriptClip;
			sourceTree = "<group>";
		};
		63A552D12DB231300052734D /* ScriptClipTests */ = {
			isa = PBXFileSystemSynchronizedRootGroup;
			path = ScriptClipTests;
			sourceTree = "<group>";
		};
		63A552DB2DB231300052734D /* ScriptClipUITests */ = {
			isa = PBXFileSystemSynchronizedRootGroup;
			path = ScriptClipUITests;
			sourceTree = "<group>";
		};
/* End PBXFileSystemSynchronizedRootGroup section */

/* Begin PBXFrameworksBuildPhase section */
		63A552BA2DB2312E0052734D /* Frameworks */ = {
			isa = PBXFrameworksBuildPhase;
			buildActionMask = 2147483647;
			files = (
			);
			runOnlyForDeploymentPostprocessing = 0;
		};
		63A552CB2DB231300052734D /* Frameworks */ = {
			isa = PBXFrameworksBuildPhase;
			buildActionMask = 2147483647;
			files = (
			);
			runOnlyForDeploymentPostprocessing = 0;
		};
		63A552D52DB231300052734D /* Frameworks */ = {
			isa = PBXFrameworksBuildPhase;
			buildActionMask = 2147483647;
			files = (
			);
			runOnlyForDeploymentPostprocessing = 0;
		};
/* End PBXFrameworksBuildPhase section */

/* Begin PBXGroup section */
		63A552B42DB2312E0052734D = {
			isa = PBXGroup;
			children = (
				63A552BF2DB2312E0052734D /* ScriptClip */,
				63A552D12DB231300052734D /* ScriptClipTests */,
				63A552DB2DB231300052734D /* ScriptClipUITests */,
				63A552BE2DB2312E0052734D /* Products */,
			);
			sourceTree = "<group>";
		};
		63A552BE2DB2312E0052734D /* Products */ = {
			isa = PBXGroup;
			children = (
				63A552BD2DB2312E0052734D /* ScriptClip.app */,
				63A552CE2DB231300052734D /* ScriptClipTests.xctest */,
				63A552D82DB231300052734D /* ScriptClipUITests.xctest */,
			);
			name = Products;
			sourceTree = "<group>";
		};
/* End PBXGroup section */

/* Begin PBXNativeTarget section */
		63A552BC2DB2312E0052734D /* ScriptClip */ = {
			isa = PBXNativeTarget;
			buildConfigurationList = 63A552E22DB231300052734D /* Build configuration list for PBXNativeTarget "ScriptClip" */;
			buildPhases = (
				63A552B92DB2312E0052734D /* Sources */,
				63A552BA2DB2312E0052734D /* Frameworks */,
				63A552BB2DB2312E0052734D /* Resources */,
			);
			buildRules = (
			);
			dependencies = (
			);
			fileSystemSynchronizedGroups = (
				63A552BF2DB2312E0052734D /* ScriptClip */,
			);
			name = ScriptClip;
			packageProductDependencies = (
			);
			productName = ScriptClip;
			productReference = 63A552BD2DB2312E0052734D /* ScriptClip.app */;
			productType = "com.apple.product-type.application";
		};
		63A552CD2DB231300052734D /* ScriptClipTests */ = {
			isa = PBXNativeTarget;
			buildConfigurationList = 63A552E52DB231300052734D /* Build configuration list for PBXNativeTarget "ScriptClipTests" */;
			buildPhases = (
				63A552CA2DB231300052734D /* Sources */,
				63A552CB2DB231300052734D /* Frameworks */,
				63A552CC2DB231300052734D /* Resources */,
			);
			buildRules = (
			);
			dependencies = (
				63A552D02DB231300052734D /* PBXTargetDependency */,
			);
			fileSystemSynchronizedGroups = (
				63A552D12DB231300052734D /* ScriptClipTests */,
			);
			name = ScriptClipTests;
			packageProductDependencies = (
			);
			productName = ScriptClipTests;
			productReference = 63A552CE2DB231300052734D /* ScriptClipTests.xctest */;
			productType = "com.apple.product-type.bundle.unit-test";
		};
		63A552D72DB231300052734D /* ScriptClipUITests */ = {
			isa = PBXNativeTarget;
			buildConfigurationList = 63A552E82DB231300052734D /* Build configuration list for PBXNativeTarget "ScriptClipUITests" */;
			buildPhases = (
				63A552D42DB231300052734D /* Sources */,
				63A552D52DB231300052734D /* Frameworks */,
				63A552D62DB231300052734D /* Resources */,
			);
			buildRules = (
			);
			dependencies = (
				63A552DA2DB231300052734D /* PBXTargetDependency */,
			);
			fileSystemSynchronizedGroups = (
				63A552DB2DB231300052734D /* ScriptClipUITests */,
			);
			name = ScriptClipUITests;
			packageProductDependencies = (
			);
			productName = ScriptClipUITests;
			productReference = 63A552D82DB231300052734D /* ScriptClipUITests.xctest */;
			productType = "com.apple.product-type.bundle.ui-testing";
		};
/* End PBXNativeTarget section */

/* Begin PBXProject section */
		63A552B52DB2312E0052734D /* Project object */ = {
			isa = PBXProject;
			attributes = {
				BuildIndependentTargetsInParallel = 1;
				LastSwiftUpdateCheck = 1620;
				LastUpgradeCheck = 1620;
				TargetAttributes = {
					63A552BC2DB2312E0052734D = {
						CreatedOnToolsVersion = 16.2;
					};
					63A552CD2DB231300052734D = {
						CreatedOnToolsVersion = 16.2;
						TestTargetID = 63A552BC2DB2312E0052734D;
					};
					63A552D72DB231300052734D = {
						CreatedOnToolsVersion = 16.2;
						TestTargetID = 63A552BC2DB2312E0052734D;
					};
				};
			};
			buildConfigurationList = 63A552B82DB2312E0052734D /* Build configuration list for PBXProject "ScriptClip" */;
			developmentRegion = en;
			hasScannedForEncodings = 0;
			knownRegions = (
				en,
				Base,
			);
			mainGroup = 63A552B42DB2312E0052734D;
			minimizedProjectReferenceProxies = 1;
			preferredProjectObjectVersion = 77;
			productRefGroup = 63A552BE2DB2312E0052734D /* Products */;
			projectDirPath = "";
			projectRoot = "";
			targets = (
				63A552BC2DB2312E0052734D /* ScriptClip */,
				63A552CD2DB231300052734D /* ScriptClipTests */,
				63A552D72DB231300052734D /* ScriptClipUITests */,
			);
		};
/* End PBXProject section */

/* Begin PBXResourcesBuildPhase section */
		63A552BB2DB2312E0052734D /* Resources */ = {
			isa = PBXResourcesBuildPhase;
			buildActionMask = 2147483647;
			files = (
			);
			runOnlyForDeploymentPostprocessing = 0;
		};
		63A552CC2DB231300052734D /* Resources */ = {
			isa = PBXResourcesBuildPhase;
			buildActionMask = 2147483647;
			files = (
			);
			runOnlyForDeploymentPostprocessing = 0;
		};
		63A552D62DB231300052734D /* Resources */ = {
			isa = PBXResourcesBuildPhase;
			buildActionMask = 2147483647;
			files = (
			);
			runOnlyForDeploymentPostprocessing = 0;
		};
/* End PBXResourcesBuildPhase section */

/* Begin PBXSourcesBuildPhase section */
		63A552B92DB2312E0052734D /* Sources */ = {
			isa = PBXSourcesBuildPhase;
			buildActionMask = 2147483647;
			files = (
			);
			runOnlyForDeploymentPostprocessing = 0;
		};
		63A552CA2DB231300052734D /* Sources */ = {
			isa = PBXSourcesBuildPhase;
			buildActionMask = 2147483647;
			files = (
			);
			runOnlyForDeploymentPostprocessing = 0;
		};
		63A552D42DB231300052734D /* Sources */ = {
			isa = PBXSourcesBuildPhase;
			buildActionMask = 2147483647;
			files = (
			);
			runOnlyForDeploymentPostprocessing = 0;
		};
/* End PBXSourcesBuildPhase section */

/* Begin PBXTargetDependency section */
		63A552D02DB231300052734D /* PBXTargetDependency */ = {
			isa = PBXTargetDependency;
			target = 63A552BC2DB2312E0052734D /* ScriptClip */;
			targetProxy = 63A552CF2DB231300052734D /* PBXContainerItemProxy */;
		};
		63A552DA2DB231300052734D /* PBXTargetDependency */ = {
			isa = PBXTargetDependency;
			target = 63A552BC2DB2312E0052734D /* ScriptClip */;
			targetProxy = 63A552D92DB231300052734D /* PBXContainerItemProxy */;
		};
/* End PBXTargetDependency section */

/* Begin XCBuildConfiguration section */
		63A552E02DB231300052734D /* Debug */ = {
			isa = XCBuildConfiguration;
			buildSettings = {
				ALWAYS_SEARCH_USER_PATHS = NO;
				ASSETCATALOG_COMPILER_GENERATE_SWIFT_ASSET_SYMBOL_EXTENSIONS = YES;
				CLANG_ANALYZER_NONNULL = YES;
				CLANG_ANALYZER_NUMBER_OBJECT_CONVERSION = YES_AGGRESSIVE;
				CLANG_CXX_LANGUAGE_STANDARD = "gnu++20";
				CLANG_ENABLE_MODULES = YES;
				CLANG_ENABLE_OBJC_ARC = YES;
				CLANG_ENABLE_OBJC_WEAK = YES;
				CLANG_WARN_BLOCK_CAPTURE_AUTORELEASING = YES;
				CLANG_WARN_BOOL_CONVERSION = YES;
				CLANG_WARN_COMMA = YES;
				CLANG_WARN_CONSTANT_CONVERSION = YES;
				CLANG_WARN_DEPRECATED_OBJC_IMPLEMENTATIONS = YES;
				CLANG_WARN_DIRECT_OBJC_ISA_USAGE = YES_ERROR;
				CLANG_WARN_DOCUMENTATION_COMMENTS = YES;
				CLANG_WARN_EMPTY_BODY = YES;
				CLANG_WARN_ENUM_CONVERSION = YES;
				CLANG_WARN_INFINITE_RECURSION = YES;
				CLANG_WARN_INT_CONVERSION = YES;
				CLANG_WARN_NON_LITERAL_NULL_CONVERSION = YES;
				CLANG_WARN_OBJC_IMPLICIT_RETAIN_SELF = YES;
				CLANG_WARN_OBJC_LITERAL_CONVERSION = YES;
				CLANG_WARN_OBJC_ROOT_CLASS = YES_ERROR;
				CLANG_WARN_QUOTED_INCLUDE_IN_FRAMEWORK_HEADER = YES;
				CLANG_WARN_RANGE_LOOP_ANALYSIS = YES;
				CLANG_WARN_STRICT_PROTOTYPES = YES;
				CLANG_WARN_SUSPICIOUS_MOVE = YES;
				CLANG_WARN_UNGUARDED_AVAILABILITY = YES_AGGRESSIVE;
				CLANG_WARN_UNREACHABLE_CODE = YES;
				CLANG_WARN__DUPLICATE_METHOD_MATCH = YES;
				COPY_PHASE_STRIP = NO;
				DEBUG_INFORMATION_FORMAT = dwarf;
				ENABLE_STRICT_OBJC_MSGSEND = YES;
				ENABLE_TESTABILITY = YES;
				ENABLE_USER_SCRIPT_SANDBOXING = YES;
				GCC_C_LANGUAGE_STANDARD = gnu17;
				GCC_DYNAMIC_NO_PIC = NO;
				GCC_NO_COMMON_BLOCKS = YES;
				GCC_OPTIMIZATION_LEVEL = 0;
				GCC_PREPROCESSOR_DEFINITIONS = (
					"DEBUG=1",
					"$(inherited)",
				);
				GCC_WARN_64_TO_32_BIT_CONVERSION = YES;
				GCC_WARN_ABOUT_RETURN_TYPE = YES_ERROR;
				GCC_WARN_UNDECLARED_SELECTOR = YES;
				GCC_WARN_UNINITIALIZED_AUTOS = YES_AGGRESSIVE;
				GCC_WARN_UNUSED_FUNCTION = YES;
				GCC_WARN_UNUSED_VARIABLE = YES;
				LOCALIZATION_PREFERS_STRING_CATALOGS = YES;
				MACOSX_DEPLOYMENT_TARGET = 15.2;
				MTL_ENABLE_DEBUG_INFO = INCLUDE_SOURCE;
				MTL_FAST_MATH = YES;
				ONLY_ACTIVE_ARCH = YES;
				SDKROOT = macosx;
				SWIFT_ACTIVE_COMPILATION_CONDITIONS = "DEBUG $(inherited)";
				SWIFT_OPTIMIZATION_LEVEL = "-Onone";
			};
			name = Debug;
		};
		63A552E12DB231300052734D /* Release */ = {
			isa = XCBuildConfiguration;
			buildSettings = {
				ALWAYS_SEARCH_USER_PATHS = NO;
				ASSETCATALOG_COMPILER_GENERATE_SWIFT_ASSET_SYMBOL_EXTENSIONS = YES;
				CLANG_ANALYZER_NONNULL = YES;
				CLANG_ANALYZER_NUMBER_OBJECT_CONVERSION = YES_AGGRESSIVE;
				CLANG_CXX_LANGUAGE_STANDARD = "gnu++20";
				CLANG_ENABLE_MODULES = YES;
				CLANG_ENABLE_OBJC_ARC = YES;
				CLANG_ENABLE_OBJC_WEAK = YES;
				CLANG_WARN_BLOCK_CAPTURE_AUTORELEASING = YES;
				CLANG_WARN_BOOL_CONVERSION = YES;
				CLANG_WARN_COMMA = YES;
				CLANG_WARN_CONSTANT_CONVERSION = YES;
				CLANG_WARN_DEPRECATED_OBJC_IMPLEMENTATIONS = YES;
				CLANG_WARN_DIRECT_OBJC_ISA_USAGE = YES_ERROR;
				CLANG_WARN_DOCUMENTATION_COMMENTS = YES;
				CLANG_WARN_EMPTY_BODY = YES;
				CLANG_WARN_ENUM_CONVERSION = YES;
				CLANG_WARN_INFINITE_RECURSION = YES;
				CLANG_WARN_INT_CONVERSION = YES;
				CLANG_WARN_NON_LITERAL_NULL_CONVERSION = YES;
				CLANG_WARN_OBJC_IMPLICIT_RETAIN_SELF = YES;
				CLANG_WARN_OBJC_LITERAL_CONVERSION = YES;
				CLANG_WARN_OBJC_ROOT_CLASS = YES_ERROR;
				CLANG_WARN_QUOTED_INCLUDE_IN_FRAMEWORK_HEADER = YES;
				CLANG_WARN_RANGE_LOOP_ANALYSIS = YES;
				CLANG_WARN_STRICT_PROTOTYPES = YES;
				CLANG_WARN_SUSPICIOUS_MOVE = YES;
				CLANG_WARN_UNGUARDED_AVAILABILITY = YES_AGGRESSIVE;
				CLANG_WARN_UNREACHABLE_CODE = YES;
				CLANG_WARN__DUPLICATE_METHOD_MATCH = YES;
				COPY_PHASE_STRIP = NO;
				DEBUG_INFORMATION_FORMAT = "dwarf-with-dsym";
				ENABLE_NS_ASSERTIONS = NO;
				ENABLE_STRICT_OBJC_MSGSEND = YES;
				ENABLE_USER_SCRIPT_SANDBOXING = YES;
				GCC_C_LANGUAGE_STANDARD = gnu17;
				GCC_NO_COMMON_BLOCKS = YES;
				GCC_WARN_64_TO_32_BIT_CONVERSION = YES;
				GCC_WARN_ABOUT_RETURN_TYPE = YES_ERROR;
				GCC_WARN_UNDECLARED_SELECTOR = YES;
				GCC_WARN_UNINITIALIZED_AUTOS = YES_AGGRESSIVE;
				GCC_WARN_UNUSED_FUNCTION = YES;
				GCC_WARN_UNUSED_VARIABLE = YES;
				LOCALIZATION_PREFERS_STRING_CATALOGS = YES;
				MACOSX_DEPLOYMENT_TARGET = 15.2;
				MTL_ENABLE_DEBUG_INFO = NO;
				MTL_FAST_MATH = YES;
				SDKROOT = macosx;
				SWIFT_COMPILATION_MODE = wholemodule;
			};
			name = Release;
		};
		63A552E32DB231300052734D /* Debug */ = {
			isa = XCBuildConfiguration;
			buildSettings = {
				ASSETCATALOG_COMPILER_APPICON_NAME = AppIcon;
				ASSETCATALOG_COMPILER_GLOBAL_ACCENT_COLOR_NAME = AccentColor;
				CODE_SIGN_ENTITLEMENTS = ScriptClip/ScriptClip.entitlements;
				CODE_SIGN_STYLE = Automatic;
				COMBINE_HIDPI_IMAGES = YES;
				CURRENT_PROJECT_VERSION = 1;
				DEVELOPMENT_ASSET_PATHS = "\"ScriptClip/Preview Content\"";
				DEVELOPMENT_TEAM = GN9HKU8VQ5;
				ENABLE_HARDENED_RUNTIME = YES;
				ENABLE_PREVIEWS = YES;
				GENERATE_INFOPLIST_FILE = YES;
				INFOPLIST_KEY_NSHumanReadableCopyright = "";
				LD_RUNPATH_SEARCH_PATHS = (
					"$(inherited)",
					"@executable_path/../Frameworks",
				);
				MARKETING_VERSION = 1.0;
				PRODUCT_BUNDLE_IDENTIFIER = david.ScriptClip;
				PRODUCT_NAME = "$(TARGET_NAME)";
				SWIFT_EMIT_LOC_STRINGS = YES;
				SWIFT_VERSION = 5.0;
			};
			name = Debug;
		};
		63A552E42DB231300052734D /* Release */ = {
			isa = XCBuildConfiguration;
			buildSettings = {
				ASSETCATALOG_COMPILER_APPICON_NAME = AppIcon;
				ASSETCATALOG_COMPILER_GLOBAL_ACCENT_COLOR_NAME = AccentColor;
				CODE_SIGN_ENTITLEMENTS = ScriptClip/ScriptClip.entitlements;
				CODE_SIGN_STYLE = Automatic;
				COMBINE_HIDPI_IMAGES = YES;
				CURRENT_PROJECT_VERSION = 1;
				DEVELOPMENT_ASSET_PATHS = "\"ScriptClip/Preview Content\"";
				DEVELOPMENT_TEAM = GN9HKU8VQ5;
				ENABLE_HARDENED_RUNTIME = YES;
				ENABLE_PREVIEWS = YES;
				GENERATE_INFOPLIST_FILE = YES;
				INFOPLIST_KEY_NSHumanReadableCopyright = "";
				LD_RUNPATH_SEARCH_PATHS = (
					"$(inherited)",
					"@executable_path/../Frameworks",
				);
				MARKETING_VERSION = 1.0;
				PRODUCT_BUNDLE_IDENTIFIER = david.ScriptClip;
				PRODUCT_NAME = "$(TARGET_NAME)";
				SWIFT_EMIT_LOC_STRINGS = YES;
				SWIFT_VERSION = 5.0;
			};
			name = Release;
		};
		63A552E62DB231300052734D /* Debug */ = {
			isa = XCBuildConfiguration;
			buildSettings = {
				BUNDLE_LOADER = "$(TEST_HOST)";
				CODE_SIGN_STYLE = Automatic;
				CURRENT_PROJECT_VERSION = 1;
				DEVELOPMENT_TEAM = GN9HKU8VQ5;
				GENERATE_INFOPLIST_FILE = YES;
				MACOSX_DEPLOYMENT_TARGET = 15.2;
				MARKETING_VERSION = 1.0;
				PRODUCT_BUNDLE_IDENTIFIER = david.ScriptClipTests;
				PRODUCT_NAME = "$(TARGET_NAME)";
				SWIFT_EMIT_LOC_STRINGS = NO;
				SWIFT_VERSION = 5.0;
				TEST_HOST = "$(BUILT_PRODUCTS_DIR)/ScriptClip.app/$(BUNDLE_EXECUTABLE_FOLDER_PATH)/ScriptClip";
			};
			name = Debug;
		};
		63A552E72DB231300052734D /* Release */ = {
			isa = XCBuildConfiguration;
			buildSettings = {
				BUNDLE_LOADER = "$(TEST_HOST)";
				CODE_SIGN_STYLE = Automatic;
				CURRENT_PROJECT_VERSION = 1;
				DEVELOPMENT_TEAM = GN9HKU8VQ5;
				GENERATE_INFOPLIST_FILE = YES;
				MACOSX_DEPLOYMENT_TARGET = 15.2;
				MARKETING_VERSION = 1.0;
				PRODUCT_BUNDLE_IDENTIFIER = david.ScriptClipTests;
				PRODUCT_NAME = "$(TARGET_NAME)";
				SWIFT_EMIT_LOC_STRINGS = NO;
				SWIFT_VERSION = 5.0;
				TEST_HOST = "$(BUILT_PRODUCTS_DIR)/ScriptClip.app/$(BUNDLE_EXECUTABLE_FOLDER_PATH)/ScriptClip";
			};
			name = Release;
		};
		63A552E92DB231300052734D /* Debug */ = {
			isa = XCBuildConfiguration;
			buildSettings = {
				CODE_SIGN_STYLE = Automatic;
				CURRENT_PROJECT_VERSION = 1;
				DEVELOPMENT_TEAM = GN9HKU8VQ5;
				GENERATE_INFOPLIST_FILE = YES;
				MARKETING_VERSION = 1.0;
				PRODUCT_BUNDLE_IDENTIFIER = david.ScriptClipUITests;
				PRODUCT_NAME = "$(TARGET_NAME)";
				SWIFT_EMIT_LOC_STRINGS = NO;
				SWIFT_VERSION = 5.0;
				TEST_TARGET_NAME = ScriptClip;
			};
			name = Debug;
		};
		63A552EA2DB231300052734D /* Release */ = {
			isa = XCBuildConfiguration;
			buildSettings = {
				CODE_SIGN_STYLE = Automatic;
				CURRENT_PROJECT_VERSION = 1;
				DEVELOPMENT_TEAM = GN9HKU8VQ5;
				GENERATE_INFOPLIST_FILE = YES;
				MARKETING_VERSION = 1.0;
				PRODUCT_BUNDLE_IDENTIFIER = david.ScriptClipUITests;
				PRODUCT_NAME = "$(TARGET_NAME)";
				SWIFT_EMIT_LOC_STRINGS = NO;
				SWIFT_VERSION = 5.0;
				TEST_TARGET_NAME = ScriptClip;
			};
			name = Release;
		};
/* End XCBuildConfiguration section */

/* Begin XCConfigurationList section */
		63A552B82DB2312E0052734D /* Build configuration list for PBXProject "ScriptClip" */ = {
			isa = XCConfigurationList;
			buildConfigurations = (
				63A552E02DB231300052734D /* Debug */,
				63A552E12DB231300052734D /* Release */,
			);
			defaultConfigurationIsVisible = 0;
			defaultConfigurationName = Release;
		};
		63A552E22DB231300052734D /* Build configuration list for PBXNativeTarget "ScriptClip" */ = {
			isa = XCConfigurationList;
			buildConfigurations = (
				63A552E32DB231300052734D /* Debug */,
				63A552E42DB231300052734D /* Release */,
			);
			defaultConfigurationIsVisible = 0;
			defaultConfigurationName = Release;
		};
		63A552E52DB231300052734D /* Build configuration list for PBXNativeTarget "ScriptClipTests" */ = {
			isa = XCConfigurationList;
			buildConfigurations = (
				63A552E62DB231300052734D /* Debug */,
				63A552E72DB231300052734D /* Release */,
			);
			defaultConfigurationIsVisible = 0;
			defaultConfigurationName = Release;
		};
		63A552E82DB231300052734D /* Build configuration list for PBXNativeTarget "ScriptClipUITests" */ = {
			isa = XCConfigurationList;
			buildConfigurations = (
				63A552E92DB231300052734D /* Debug */,
				63A552EA2DB231300052734D /* Release */,
			);
			defaultConfigurationIsVisible = 0;
			defaultConfigurationName = Release;
		};
/* End XCConfigurationList section */
	};
	rootObject = 63A552B52DB2312E0052734D /* Project object */;
}
